
Microsoft Visual Studio Solution File, Format Version 12.00
# Visual Studio Version 16
VisualStudioVersion = 16.0.29230.47
MinimumVisualStudioVersion = 10.0.40219.1
Project("{FAE04EC0-301F-11D3-BF4B-00C04F79EFBC}") = "МНОГОУГОЛЬНИКИ", "МНОГОУГОЛЬНИКИ\МНОГОУГОЛЬНИКИ.csproj", "{65340164-2518-4D70-9915-983BE72C772C}"
EndProject
Global
	GlobalSection(SolutionConfigurationPlatforms) = preSolution
		Debug|Any CPU = Debug|Any CPU
		Release|Any CPU = Release|Any CPU
	EndGlobalSection
	GlobalSection(ProjectConfigurationPlatforms) = postSolution
		{65340164-2518-4D70-9915-983BE72C772C}.Debug|Any CPU.ActiveCfg = Debug|Any CPU
		{65340164-2518-4D70-9915-983BE72C772C}.Debug|Any CPU.Build.0 = Debug|Any CPU
		{65340164-2518-4D70-9915-983BE72C772C}.Release|Any CPU.ActiveCfg = Release|Any CPU
		{65340164-2518-4D70-9915-983BE72C772C}.Release|Any CPU.Build.0 = Release|Any CPU
	EndGlobalSection
	GlobalSection(SolutionProperties) = preSolution
		HideSolutionNode = FALSE
	EndGlobalSection
	GlobalSection(ExtensibilityGlobals) = postSolution
		SolutionGuid = {04F3CB9D-9A29-44EA-A99F-B24A9B5B1DE1}
	EndGlobalSection
EndGlobal
